{
    "hash": "49bd65a061f4900d03ced6f722a1b41f",
    "packages": [
        {
            "package": "cboden/Ratchet",
            "version": "v0.1.5"
        },
        {
            "package": "evenement/evenement",
            "version": "v1.0.0"
        },
        {
            "package": "guzzle/guzzle",
            "version": "v2.5.0"
        },
        {
            "package": "monolog/monolog",
            "version": "1.1.0"
        },
        {
            "package": "react/event-loop",
            "version": "v0.1.1"
        },
        {
            "package": "react/socket",
            "version": "dev-master",
            "source-reference": "7e773b2cde9b5e0ada8fdfdd1118ca749f3a2cfd",
            "commit-date": "1342364933"
        },
        {
            "package": "react/stream",
            "version": "v0.1.1"
        },
        {
            "package": "symfony/console",
            "version": "v2.0.16"
        },
        {
            "package": "symfony/event-dispatcher",
            "version": "v2.0.16"
        },
        {
            "package": "symfony/http-foundation",
            "version": "v2.1.0-BETA4"
        }
    ],
    "packages-dev": null,
    "aliases": [

    ],
    "minimum-stability": "stable",
    "stability-flags": {
        "react/event-loop": 20,
        "react/socket": 20,
        "symfony/http-foundation": 10
    }
}
