{
    "hash": "c8711a3997888e5004fcdf8a75000962",
    "packages": [
        {
            "package": "cboden/Ratchet",
            "version": "v0.1.5"
        },
        {
            "package": "evenement/evenement",
            "version": "1.0.x-dev",
            "source-reference": "v1.0.0",
            "commit-date": "1338390068"
        },
        {
            "package": "guzzle/guzzle",
            "version": "v2.5.0"
        },
        {
            "package": "monolog/monolog",
            "version": "1.1.0"
        },
        {
            "package": "react/event-loop",
            "version": "v0.1.1"
        },
        {
            "package": "react/socket",
            "version": "dev-master",
            "source-reference": "7e773b2cde9b5e0ada8fdfdd1118ca749f3a2cfd",
            "commit-date": "1342364933"
        },
        {
            "package": "react/stream",
            "version": "v0.1.1"
        },
        {
            "package": "symfony/console",
            "version": "v2.0.16"
        },
        {
            "package": "symfony/event-dispatcher",
            "version": "dev-master",
            "source-reference": "v2.1.0-BETA4",
            "commit-date": "1342739894"
        },
        {
            "package": "symfony/http-foundation",
            "version": "dev-master",
            "alias-pretty-version": "2.1.x-dev",
            "alias-version": "2.1.9999999.9999999-dev"
        },
        {
            "package": "symfony/http-foundation",
            "version": "dev-master",
            "source-reference": "2e28043ea4cd2aa173f5ec9f4f38231fd99305b1",
            "commit-date": "1343512949"
        }
    ],
    "packages-dev": null,
    "aliases": [

    ],
    "minimum-stability": "stable",
    "stability-flags": [

    ]
}
